
Microsoft Visual Studio Solution File, Format Version 12.00
# Visual Studio Version 17
VisualStudioVersion = 17.7.34221.43
MinimumVisualStudioVersion = 10.0.40219.1
Project("{9A19103F-16F7-4668-BE54-9A1E7A4F7556}") = "term", "term\term.csproj", "{56861036-AD0B-456E-9E3A-47E34E2D9F07}"
EndProject
Project("{9A19103F-16F7-4668-BE54-9A1E7A4F7556}") = "term-test", "term-test\term-test.csproj", "{9F738E72-D86F-447E-BF2F-0363FD1CCD77}"
EndProject
Project("{9A19103F-16F7-4668-BE54-9A1E7A4F7556}") = "firebase-export", "firebase-export\firebase-export.csproj", "{C2F8D332-7E33-4225-9131-61439B19ACE6}"
EndProject
Project("{9A19103F-16F7-4668-BE54-9A1E7A4F7556}") = "api", "api\api.csproj", "{0E760AE2-2909-4FF6-81BB-FF6AD5195883}"
EndProject
Project("{9A19103F-16F7-4668-BE54-9A1E7A4F7556}") = "webapp", "webapp\webapp.csproj", "{32F71049-F399-4612-8756-0A47C9AE0523}"
EndProject
Project("{9A19103F-16F7-4668-BE54-9A1E7A4F7556}") = "mauiapp", "mauiapp\mauiapp.csproj", "{404FBCB3-6827-48F8-94CA-0ACBEE0FF759}"
EndProject
Project("{2150E333-8FDC-42A3-9474-1A3956D46DE8}") = "Solution Items", "Solution Items", "{024725CC-8EC4-4CCB-A3CB-E9128E26BCDD}"
	ProjectSection(SolutionItems) = preProject
		todo.txt = todo.txt
	EndProjectSection
EndProject
Project("{FAE04EC0-301F-11D3-BF4B-00C04F79EFBC}") = "api-test", "api-test\api-test.csproj", "{81A9251B-EBDC-4F1A-AEB7-C699887AC70D}"
EndProject
Global
	GlobalSection(SolutionConfigurationPlatforms) = preSolution
		Debug|Any CPU = Debug|Any CPU
		Release|Any CPU = Release|Any CPU
	EndGlobalSection
	GlobalSection(ProjectConfigurationPlatforms) = postSolution
		{56861036-AD0B-456E-9E3A-47E34E2D9F07}.Debug|Any CPU.ActiveCfg = Debug|Any CPU
		{56861036-AD0B-456E-9E3A-47E34E2D9F07}.Debug|Any CPU.Build.0 = Debug|Any CPU
		{56861036-AD0B-456E-9E3A-47E34E2D9F07}.Release|Any CPU.ActiveCfg = Release|Any CPU
		{56861036-AD0B-456E-9E3A-47E34E2D9F07}.Release|Any CPU.Build.0 = Release|Any CPU
		{9F738E72-D86F-447E-BF2F-0363FD1CCD77}.Debug|Any CPU.ActiveCfg = Debug|Any CPU
		{9F738E72-D86F-447E-BF2F-0363FD1CCD77}.Debug|Any CPU.Build.0 = Debug|Any CPU
		{9F738E72-D86F-447E-BF2F-0363FD1CCD77}.Release|Any CPU.ActiveCfg = Release|Any CPU
		{9F738E72-D86F-447E-BF2F-0363FD1CCD77}.Release|Any CPU.Build.0 = Release|Any CPU
		{C2F8D332-7E33-4225-9131-61439B19ACE6}.Debug|Any CPU.ActiveCfg = Debug|Any CPU
		{C2F8D332-7E33-4225-9131-61439B19ACE6}.Debug|Any CPU.Build.0 = Debug|Any CPU
		{C2F8D332-7E33-4225-9131-61439B19ACE6}.Release|Any CPU.ActiveCfg = Release|Any CPU
		{C2F8D332-7E33-4225-9131-61439B19ACE6}.Release|Any CPU.Build.0 = Release|Any CPU
		{0E760AE2-2909-4FF6-81BB-FF6AD5195883}.Debug|Any CPU.ActiveCfg = Debug|Any CPU
		{0E760AE2-2909-4FF6-81BB-FF6AD5195883}.Debug|Any CPU.Build.0 = Debug|Any CPU
		{0E760AE2-2909-4FF6-81BB-FF6AD5195883}.Release|Any CPU.ActiveCfg = Release|Any CPU
		{0E760AE2-2909-4FF6-81BB-FF6AD5195883}.Release|Any CPU.Build.0 = Release|Any CPU
		{32F71049-F399-4612-8756-0A47C9AE0523}.Debug|Any CPU.ActiveCfg = Debug|Any CPU
		{32F71049-F399-4612-8756-0A47C9AE0523}.Debug|Any CPU.Build.0 = Debug|Any CPU
		{32F71049-F399-4612-8756-0A47C9AE0523}.Release|Any CPU.ActiveCfg = Release|Any CPU
		{32F71049-F399-4612-8756-0A47C9AE0523}.Release|Any CPU.Build.0 = Release|Any CPU
		{404FBCB3-6827-48F8-94CA-0ACBEE0FF759}.Debug|Any CPU.ActiveCfg = Debug|Any CPU
		{404FBCB3-6827-48F8-94CA-0ACBEE0FF759}.Debug|Any CPU.Build.0 = Debug|Any CPU
		{404FBCB3-6827-48F8-94CA-0ACBEE0FF759}.Debug|Any CPU.Deploy.0 = Debug|Any CPU
		{404FBCB3-6827-48F8-94CA-0ACBEE0FF759}.Release|Any CPU.ActiveCfg = Release|Any CPU
		{404FBCB3-6827-48F8-94CA-0ACBEE0FF759}.Release|Any CPU.Build.0 = Release|Any CPU
		{81A9251B-EBDC-4F1A-AEB7-C699887AC70D}.Debug|Any CPU.ActiveCfg = Debug|Any CPU
		{81A9251B-EBDC-4F1A-AEB7-C699887AC70D}.Debug|Any CPU.Build.0 = Debug|Any CPU
		{81A9251B-EBDC-4F1A-AEB7-C699887AC70D}.Release|Any CPU.ActiveCfg = Release|Any CPU
		{81A9251B-EBDC-4F1A-AEB7-C699887AC70D}.Release|Any CPU.Build.0 = Release|Any CPU
	EndGlobalSection
	GlobalSection(SolutionProperties) = preSolution
		HideSolutionNode = FALSE
	EndGlobalSection
EndGlobal
