
Microsoft Visual Studio Solution File, Format Version 12.00
# Visual Studio Version 16
VisualStudioVersion = 16.0.30114.105
MinimumVisualStudioVersion = 10.0.40219.1
Project("{FAE04EC0-301F-11D3-BF4B-00C04F79EFBC}") = "term", "term\term.csproj", "{56861036-AD0B-456E-9E3A-47E34E2D9F07}"
EndProject
Project("{FAE04EC0-301F-11D3-BF4B-00C04F79EFBC}") = "term-test", "term-test\term-test.csproj", "{9F738E72-D86F-447E-BF2F-0363FD1CCD77}"
EndProject
Project("{FAE04EC0-301F-11D3-BF4B-00C04F79EFBC}") = "firebase-export", "firebase-export\firebase-export.csproj", "{C2F8D332-7E33-4225-9131-61439B19ACE6}"
EndProject
Project("{FAE04EC0-301F-11D3-BF4B-00C04F79EFBC}") = "api", "api\api.csproj", "{0E760AE2-2909-4FF6-81BB-FF6AD5195883}"
EndProject
Project("{FAE04EC0-301F-11D3-BF4B-00C04F79EFBC}") = "api-test", "api-test\api-test.csproj", "{7982AB65-FF34-4A63-80EB-A9BC1BD92AD5}"
EndProject
Global
	GlobalSection(SolutionConfigurationPlatforms) = preSolution
		Debug|Any CPU = Debug|Any CPU
		Release|Any CPU = Release|Any CPU
	EndGlobalSection
	GlobalSection(SolutionProperties) = preSolution
		HideSolutionNode = FALSE
	EndGlobalSection
	GlobalSection(ProjectConfigurationPlatforms) = postSolution
		{56861036-AD0B-456E-9E3A-47E34E2D9F07}.Debug|Any CPU.ActiveCfg = Debug|Any CPU
		{56861036-AD0B-456E-9E3A-47E34E2D9F07}.Debug|Any CPU.Build.0 = Debug|Any CPU
		{56861036-AD0B-456E-9E3A-47E34E2D9F07}.Release|Any CPU.ActiveCfg = Release|Any CPU
		{56861036-AD0B-456E-9E3A-47E34E2D9F07}.Release|Any CPU.Build.0 = Release|Any CPU
		{9F738E72-D86F-447E-BF2F-0363FD1CCD77}.Debug|Any CPU.ActiveCfg = Debug|Any CPU
		{9F738E72-D86F-447E-BF2F-0363FD1CCD77}.Debug|Any CPU.Build.0 = Debug|Any CPU
		{9F738E72-D86F-447E-BF2F-0363FD1CCD77}.Release|Any CPU.ActiveCfg = Release|Any CPU
		{9F738E72-D86F-447E-BF2F-0363FD1CCD77}.Release|Any CPU.Build.0 = Release|Any CPU
		{C2F8D332-7E33-4225-9131-61439B19ACE6}.Debug|Any CPU.ActiveCfg = Debug|Any CPU
		{C2F8D332-7E33-4225-9131-61439B19ACE6}.Debug|Any CPU.Build.0 = Debug|Any CPU
		{C2F8D332-7E33-4225-9131-61439B19ACE6}.Release|Any CPU.ActiveCfg = Release|Any CPU
		{C2F8D332-7E33-4225-9131-61439B19ACE6}.Release|Any CPU.Build.0 = Release|Any CPU
		{0E760AE2-2909-4FF6-81BB-FF6AD5195883}.Debug|Any CPU.ActiveCfg = Debug|Any CPU
		{0E760AE2-2909-4FF6-81BB-FF6AD5195883}.Debug|Any CPU.Build.0 = Debug|Any CPU
		{0E760AE2-2909-4FF6-81BB-FF6AD5195883}.Release|Any CPU.ActiveCfg = Release|Any CPU
		{0E760AE2-2909-4FF6-81BB-FF6AD5195883}.Release|Any CPU.Build.0 = Release|Any CPU
		{7982AB65-FF34-4A63-80EB-A9BC1BD92AD5}.Debug|Any CPU.ActiveCfg = Debug|Any CPU
		{7982AB65-FF34-4A63-80EB-A9BC1BD92AD5}.Debug|Any CPU.Build.0 = Debug|Any CPU
		{7982AB65-FF34-4A63-80EB-A9BC1BD92AD5}.Release|Any CPU.ActiveCfg = Release|Any CPU
		{7982AB65-FF34-4A63-80EB-A9BC1BD92AD5}.Release|Any CPU.Build.0 = Release|Any CPU
	EndGlobalSection
EndGlobal
